// !$*UTF8*$!
{
	archiveVersion = 1;
	classes = {
	};
	objectVersion = 77;
	objects = {

/* Begin PBXBuildFile section */
		1C05F33C2E04885B00F52C65 /* FirebaseAuth in Frameworks */ = {isa = PBXBuildFile; productRef = 1C05F33B2E04885B00F52C65 /* FirebaseAuth */; };
		1C05F33E2E04885B00F52C65 /* FirebaseFirestore in Frameworks */ = {isa = PBXBuildFile; productRef = 1C05F33D2E04885B00F52C65 /* FirebaseFirestore */; };
		1C05F3402E04885B00F52C65 /* FirebaseStorage in Frameworks */ = {isa = PBXBuildFile; productRef = 1C05F33F2E04885B00F52C65 /* FirebaseStorage */; };
		1C05F7E02E148DCB00F52C65 /* GoogleSignIn in Frameworks */ = {isa = PBXBuildFile; productRef = 1C05F7DF2E148DCB00F52C65 /* GoogleSignIn */; };
		1C05F7E22E148DCB00F52C65 /* GoogleSignInSwift in Frameworks */ = {isa = PBXBuildFile; productRef = 1C05F7E12E148DCB00F52C65 /* GoogleSignInSwift */; };
		1C0C182A2E32CE8800CC888C /* Lottie in Frameworks */ = {isa = PBXBuildFile; productRef = 1C0C18292E32CE8800CC888C /* Lottie */; };
		1C0C1D9D2E39606900CC888C /* FirebaseMessaging in Frameworks */ = {isa = PBXBuildFile; productRef = 1C0C1D9C2E39606900CC888C /* FirebaseMessaging */; };
		1C0DC0C52E1C09B400F3A22E /* Kingfisher in Frameworks */ = {isa = PBXBuildFile; productRef = 1C0DC0C42E1C09B400F3A22E /* Kingfisher */; };
/* End PBXBuildFile section */

/* Begin PBXContainerItemProxy section */
		1C05F3172E04803C00F52C65 /* PBXContainerItemProxy */ = {
			isa = PBXContainerItemProxy;
			containerPortal = 1C05F3012E04803A00F52C65 /* Project object */;
			proxyType = 1;
			remoteGlobalIDString = 1C05F3082E04803A00F52C65;
			remoteInfo = "true-north-app";
		};
		1C05F3212E04803C00F52C65 /* PBXContainerItemProxy */ = {
			isa = PBXContainerItemProxy;
			containerPortal = 1C05F3012E04803A00F52C65 /* Project object */;
			proxyType = 1;
			remoteGlobalIDString = 1C05F3082E04803A00F52C65;
			remoteInfo = "true-north-app";
		};
/* End PBXContainerItemProxy section */

/* Begin PBXFileReference section */
		1C05F3092E04803A00F52C65 /* true-north-app.app */ = {isa = PBXFileReference; explicitFileType = wrapper.application; includeInIndex = 0; path = "true-north-app.app"; sourceTree = BUILT_PRODUCTS_DIR; };
		1C05F3162E04803C00F52C65 /* true-north-appTests.xctest */ = {isa = PBXFileReference; explicitFileType = wrapper.cfbundle; includeInIndex = 0; path = "true-north-appTests.xctest"; sourceTree = BUILT_PRODUCTS_DIR; };
		1C05F3202E04803C00F52C65 /* true-north-appUITests.xctest */ = {isa = PBXFileReference; explicitFileType = wrapper.cfbundle; includeInIndex = 0; path = "true-north-appUITests.xctest"; sourceTree = BUILT_PRODUCTS_DIR; };
/* End PBXFileReference section */

/* Begin PBXFileSystemSynchronizedBuildFileExceptionSet section */
		1C05F6A72E0C3C6100F52C65 /* Exceptions for "true-north-app" folder in "true-north-app" target */ = {
			isa = PBXFileSystemSynchronizedBuildFileExceptionSet;
			membershipExceptions = (
				Info.plist,
			);
			target = 1C05F3082E04803A00F52C65 /* true-north-app */;
		};
/* End PBXFileSystemSynchronizedBuildFileExceptionSet section */

/* Begin PBXFileSystemSynchronizedRootGroup section */
		1C05F30B2E04803A00F52C65 /* true-north-app */ = {
			isa = PBXFileSystemSynchronizedRootGroup;
			exceptions = (
				1C05F6A72E0C3C6100F52C65 /* Exceptions for "true-north-app" folder in "true-north-app" target */,
			);
			path = "true-north-app";
			sourceTree = "<group>";
		};
		1C05F3192E04803C00F52C65 /* true-north-appTests */ = {
			isa = PBXFileSystemSynchronizedRootGroup;
			path = "true-north-appTests";
			sourceTree = "<group>";
		};
		1C05F3232E04803C00F52C65 /* true-north-appUITests */ = {
			isa = PBXFileSystemSynchronizedRootGroup;
			path = "true-north-appUITests";
			sourceTree = "<group>";
		};
/* End PBXFileSystemSynchronizedRootGroup section */

/* Begin PBXFrameworksBuildPhase section */
		1C05F3062E04803A00F52C65 /* Frameworks */ = {
			isa = PBXFrameworksBuildPhase;
			buildActionMask = 2147483647;
			files = (
				1C0C1D9D2E39606900CC888C /* FirebaseMessaging in Frameworks */,
				1C0DC0C52E1C09B400F3A22E /* Kingfisher in Frameworks */,
				1C0C182A2E32CE8800CC888C /* Lottie in Frameworks */,
				1C05F7E22E148DCB00F52C65 /* GoogleSignInSwift in Frameworks */,
				1C05F33C2E04885B00F52C65 /* FirebaseAuth in Frameworks */,
				1C05F7E02E148DCB00F52C65 /* GoogleSignIn in Frameworks */,
				1C05F33E2E04885B00F52C65 /* FirebaseFirestore in Frameworks */,
				1C05F3402E04885B00F52C65 /* FirebaseStorage in Frameworks */,
			);
			runOnlyForDeploymentPostprocessing = 0;
		};
		1C05F3132E04803C00F52C65 /* Frameworks */ = {
			isa = PBXFrameworksBuildPhase;
			buildActionMask = 2147483647;
			files = (
			);
			runOnlyForDeploymentPostprocessing = 0;
		};
		1C05F31D2E04803C00F52C65 /* Frameworks */ = {
			isa = PBXFrameworksBuildPhase;
			buildActionMask = 2147483647;
			files = (
			);
			runOnlyForDeploymentPostprocessing = 0;
		};
/* End PBXFrameworksBuildPhase section */

/* Begin PBXGroup section */
		1C05F3002E04803A00F52C65 = {
			isa = PBXGroup;
			children = (
				1C05F30B2E04803A00F52C65 /* true-north-app */,
				1C05F3192E04803C00F52C65 /* true-north-appTests */,
				1C05F3232E04803C00F52C65 /* true-north-appUITests */,
				1C05F30A2E04803A00F52C65 /* Products */,
			);
			sourceTree = "<group>";
		};
		1C05F30A2E04803A00F52C65 /* Products */ = {
			isa = PBXGroup;
			children = (
				1C05F3092E04803A00F52C65 /* true-north-app.app */,
				1C05F3162E04803C00F52C65 /* true-north-appTests.xctest */,
				1C05F3202E04803C00F52C65 /* true-north-appUITests.xctest */,
			);
			name = Products;
			sourceTree = "<group>";
		};
/* End PBXGroup section */

/* Begin PBXNativeTarget section */
		1C05F3082E04803A00F52C65 /* true-north-app */ = {
			isa = PBXNativeTarget;
			buildConfigurationList = 1C05F32A2E04803C00F52C65 /* Build configuration list for PBXNativeTarget "true-north-app" */;
			buildPhases = (
				1C05F3052E04803A00F52C65 /* Sources */,
				1C05F3062E04803A00F52C65 /* Frameworks */,
				1C05F3072E04803A00F52C65 /* Resources */,
			);
			buildRules = (
			);
			dependencies = (
			);
			fileSystemSynchronizedGroups = (
				1C05F30B2E04803A00F52C65 /* true-north-app */,
			);
			name = "true-north-app";
			packageProductDependencies = (
				1C05F33B2E04885B00F52C65 /* FirebaseAuth */,
				1C05F33D2E04885B00F52C65 /* FirebaseFirestore */,
				1C05F33F2E04885B00F52C65 /* FirebaseStorage */,
				1C05F7DF2E148DCB00F52C65 /* GoogleSignIn */,
				1C05F7E12E148DCB00F52C65 /* GoogleSignInSwift */,
				1C0DC0C42E1C09B400F3A22E /* Kingfisher */,
				1C0C18292E32CE8800CC888C /* Lottie */,
				1C0C1D9C2E39606900CC888C /* FirebaseMessaging */,
			);
			productName = "true-north-app";
			productReference = 1C05F3092E04803A00F52C65 /* true-north-app.app */;
			productType = "com.apple.product-type.application";
		};
		1C05F3152E04803C00F52C65 /* true-north-appTests */ = {
			isa = PBXNativeTarget;
			buildConfigurationList = 1C05F32D2E04803C00F52C65 /* Build configuration list for PBXNativeTarget "true-north-appTests" */;
			buildPhases = (
				1C05F3122E04803C00F52C65 /* Sources */,
				1C05F3132E04803C00F52C65 /* Frameworks */,
				1C05F3142E04803C00F52C65 /* Resources */,
			);
			buildRules = (
			);
			dependencies = (
				1C05F3182E04803C00F52C65 /* PBXTargetDependency */,
			);
			fileSystemSynchronizedGroups = (
				1C05F3192E04803C00F52C65 /* true-north-appTests */,
			);
			name = "true-north-appTests";
			packageProductDependencies = (
			);
			productName = "true-north-appTests";
			productReference = 1C05F3162E04803C00F52C65 /* true-north-appTests.xctest */;
			productType = "com.apple.product-type.bundle.unit-test";
		};
		1C05F31F2E04803C00F52C65 /* true-north-appUITests */ = {
			isa = PBXNativeTarget;
			buildConfigurationList = 1C05F3302E04803C00F52C65 /* Build configuration list for PBXNativeTarget "true-north-appUITests" */;
			buildPhases = (
				1C05F31C2E04803C00F52C65 /* Sources */,
				1C05F31D2E04803C00F52C65 /* Frameworks */,
				1C05F31E2E04803C00F52C65 /* Resources */,
			);
			buildRules = (
			);
			dependencies = (
				1C05F3222E04803C00F52C65 /* PBXTargetDependency */,
			);
			fileSystemSynchronizedGroups = (
				1C05F3232E04803C00F52C65 /* true-north-appUITests */,
			);
			name = "true-north-appUITests";
			packageProductDependencies = (
			);
			productName = "true-north-appUITests";
			productReference = 1C05F3202E04803C00F52C65 /* true-north-appUITests.xctest */;
			productType = "com.apple.product-type.bundle.ui-testing";
		};
/* End PBXNativeTarget section */

/* Begin PBXProject section */
		1C05F3012E04803A00F52C65 /* Project object */ = {
			isa = PBXProject;
			attributes = {
				BuildIndependentTargetsInParallel = 1;
				LastSwiftUpdateCheck = 1630;
				LastUpgradeCheck = 1630;
				TargetAttributes = {
					1C05F3082E04803A00F52C65 = {
						CreatedOnToolsVersion = 16.3;
					};
					1C05F3152E04803C00F52C65 = {
						CreatedOnToolsVersion = 16.3;
						TestTargetID = 1C05F3082E04803A00F52C65;
					};
					1C05F31F2E04803C00F52C65 = {
						CreatedOnToolsVersion = 16.3;
						TestTargetID = 1C05F3082E04803A00F52C65;
					};
				};
			};
			buildConfigurationList = 1C05F3042E04803A00F52C65 /* Build configuration list for PBXProject "true-north-app" */;
			developmentRegion = en;
			hasScannedForEncodings = 0;
			knownRegions = (
				en,
				Base,
			);
			mainGroup = 1C05F3002E04803A00F52C65;
			minimizedProjectReferenceProxies = 1;
			packageReferences = (
				1C05F33A2E04885B00F52C65 /* XCRemoteSwiftPackageReference "firebase-ios-sdk" */,
				1C05F7DE2E148DCB00F52C65 /* XCRemoteSwiftPackageReference "GoogleSignIn-iOS" */,
				1C0DC0C32E1C09B400F3A22E /* XCRemoteSwiftPackageReference "Kingfisher" */,
				1C0C18282E32CE8800CC888C /* XCRemoteSwiftPackageReference "lottie-ios" */,
			);
			preferredProjectObjectVersion = 77;
			productRefGroup = 1C05F30A2E04803A00F52C65 /* Products */;
			projectDirPath = "";
			projectRoot = "";
			targets = (
				1C05F3082E04803A00F52C65 /* true-north-app */,
				1C05F3152E04803C00F52C65 /* true-north-appTests */,
				1C05F31F2E04803C00F52C65 /* true-north-appUITests */,
			);
		};
/* End PBXProject section */

/* Begin PBXResourcesBuildPhase section */
		1C05F3072E04803A00F52C65 /* Resources */ = {
			isa = PBXResourcesBuildPhase;
			buildActionMask = 2147483647;
			files = (
			);
			runOnlyForDeploymentPostprocessing = 0;
		};
		1C05F3142E04803C00F52C65 /* Resources */ = {
			isa = PBXResourcesBuildPhase;
			buildActionMask = 2147483647;
			files = (
			);
			runOnlyForDeploymentPostprocessing = 0;
		};
		1C05F31E2E04803C00F52C65 /* Resources */ = {
			isa = PBXResourcesBuildPhase;
			buildActionMask = 2147483647;
			files = (
			);
			runOnlyForDeploymentPostprocessing = 0;
		};
/* End PBXResourcesBuildPhase section */

/* Begin PBXSourcesBuildPhase section */
		1C05F3052E04803A00F52C65 /* Sources */ = {
			isa = PBXSourcesBuildPhase;
			buildActionMask = 2147483647;
			files = (
			);
			runOnlyForDeploymentPostprocessing = 0;
		};
		1C05F3122E04803C00F52C65 /* Sources */ = {
			isa = PBXSourcesBuildPhase;
			buildActionMask = 2147483647;
			files = (
			);
			runOnlyForDeploymentPostprocessing = 0;
		};
		1C05F31C2E04803C00F52C65 /* Sources */ = {
			isa = PBXSourcesBuildPhase;
			buildActionMask = 2147483647;
			files = (
			);
			runOnlyForDeploymentPostprocessing = 0;
		};
/* End PBXSourcesBuildPhase section */

/* Begin PBXTargetDependency section */
		1C05F3182E04803C00F52C65 /* PBXTargetDependency */ = {
			isa = PBXTargetDependency;
			target = 1C05F3082E04803A00F52C65 /* true-north-app */;
			targetProxy = 1C05F3172E04803C00F52C65 /* PBXContainerItemProxy */;
		};
		1C05F3222E04803C00F52C65 /* PBXTargetDependency */ = {
			isa = PBXTargetDependency;
			target = 1C05F3082E04803A00F52C65 /* true-north-app */;
			targetProxy = 1C05F3212E04803C00F52C65 /* PBXContainerItemProxy */;
		};
/* End PBXTargetDependency section */

/* Begin XCBuildConfiguration section */
		1C05F3282E04803C00F52C65 /* Debug */ = {
			isa = XCBuildConfiguration;
			buildSettings = {
				ALWAYS_SEARCH_USER_PATHS = NO;
				ASSETCATALOG_COMPILER_GENERATE_SWIFT_ASSET_SYMBOL_EXTENSIONS = YES;
				CLANG_ANALYZER_NONNULL = YES;
				CLANG_ANALYZER_NUMBER_OBJECT_CONVERSION = YES_AGGRESSIVE;
				CLANG_CXX_LANGUAGE_STANDARD = "gnu++20";
				CLANG_ENABLE_MODULES = YES;
				CLANG_ENABLE_OBJC_ARC = YES;
				CLANG_ENABLE_OBJC_WEAK = YES;
				CLANG_WARN_BLOCK_CAPTURE_AUTORELEASING = YES;
				CLANG_WARN_BOOL_CONVERSION = YES;
				CLANG_WARN_COMMA = YES;
				CLANG_WARN_CONSTANT_CONVERSION = YES;
				CLANG_WARN_DEPRECATED_OBJC_IMPLEMENTATIONS = YES;
				CLANG_WARN_DIRECT_OBJC_ISA_USAGE = YES_ERROR;
				CLANG_WARN_DOCUMENTATION_COMMENTS = YES;
				CLANG_WARN_EMPTY_BODY = YES;
				CLANG_WARN_ENUM_CONVERSION = YES;
				CLANG_WARN_INFINITE_RECURSION = YES;
				CLANG_WARN_INT_CONVERSION = YES;
				CLANG_WARN_NON_LITERAL_NULL_CONVERSION = YES;
				CLANG_WARN_OBJC_IMPLICIT_RETAIN_SELF = YES;
				CLANG_WARN_OBJC_LITERAL_CONVERSION = YES;
				CLANG_WARN_OBJC_ROOT_CLASS = YES_ERROR;
				CLANG_WARN_QUOTED_INCLUDE_IN_FRAMEWORK_HEADER = YES;
				CLANG_WARN_RANGE_LOOP_ANALYSIS = YES;
				CLANG_WARN_STRICT_PROTOTYPES = YES;
				CLANG_WARN_SUSPICIOUS_MOVE = YES;
				CLANG_WARN_UNGUARDED_AVAILABILITY = YES_AGGRESSIVE;
				CLANG_WARN_UNREACHABLE_CODE = YES;
				CLANG_WARN__DUPLICATE_METHOD_MATCH = YES;
				COPY_PHASE_STRIP = NO;
				DEBUG_INFORMATION_FORMAT = dwarf;
				DEVELOPMENT_TEAM = GAQT8HYM7F;
				ENABLE_STRICT_OBJC_MSGSEND = YES;
				ENABLE_TESTABILITY = YES;
				ENABLE_USER_SCRIPT_SANDBOXING = YES;
				GCC_C_LANGUAGE_STANDARD = gnu17;
				GCC_DYNAMIC_NO_PIC = NO;
				GCC_NO_COMMON_BLOCKS = YES;
				GCC_OPTIMIZATION_LEVEL = 0;
				GCC_PREPROCESSOR_DEFINITIONS = (
					"DEBUG=1",
					"$(inherited)",
				);
				GCC_WARN_64_TO_32_BIT_CONVERSION = YES;
				GCC_WARN_ABOUT_RETURN_TYPE = YES_ERROR;
				GCC_WARN_UNDECLARED_SELECTOR = YES;
				GCC_WARN_UNINITIALIZED_AUTOS = YES_AGGRESSIVE;
				GCC_WARN_UNUSED_FUNCTION = YES;
				GCC_WARN_UNUSED_VARIABLE = YES;
				IPHONEOS_DEPLOYMENT_TARGET = 18.4;
				LOCALIZATION_PREFERS_STRING_CATALOGS = YES;
				MTL_ENABLE_DEBUG_INFO = INCLUDE_SOURCE;
				MTL_FAST_MATH = YES;
				ONLY_ACTIVE_ARCH = YES;
				SDKROOT = iphoneos;
				SWIFT_ACTIVE_COMPILATION_CONDITIONS = "DEBUG $(inherited)";
				SWIFT_OPTIMIZATION_LEVEL = "-Onone";
			};
			name = Debug;
		};
		1C05F3292E04803C00F52C65 /* Release */ = {
			isa = XCBuildConfiguration;
			buildSettings = {
				ALWAYS_SEARCH_USER_PATHS = NO;
				ASSETCATALOG_COMPILER_GENERATE_SWIFT_ASSET_SYMBOL_EXTENSIONS = YES;
				CLANG_ANALYZER_NONNULL = YES;
				CLANG_ANALYZER_NUMBER_OBJECT_CONVERSION = YES_AGGRESSIVE;
				CLANG_CXX_LANGUAGE_STANDARD = "gnu++20";
				CLANG_ENABLE_MODULES = YES;
				CLANG_ENABLE_OBJC_ARC = YES;
				CLANG_ENABLE_OBJC_WEAK = YES;
				CLANG_WARN_BLOCK_CAPTURE_AUTORELEASING = YES;
				CLANG_WARN_BOOL_CONVERSION = YES;
				CLANG_WARN_COMMA = YES;
				CLANG_WARN_CONSTANT_CONVERSION = YES;
				CLANG_WARN_DEPRECATED_OBJC_IMPLEMENTATIONS = YES;
				CLANG_WARN_DIRECT_OBJC_ISA_USAGE = YES_ERROR;
				CLANG_WARN_DOCUMENTATION_COMMENTS = YES;
				CLANG_WARN_EMPTY_BODY = YES;
				CLANG_WARN_ENUM_CONVERSION = YES;
				CLANG_WARN_INFINITE_RECURSION = YES;
				CLANG_WARN_INT_CONVERSION = YES;
				CLANG_WARN_NON_LITERAL_NULL_CONVERSION = YES;
				CLANG_WARN_OBJC_IMPLICIT_RETAIN_SELF = YES;
				CLANG_WARN_OBJC_LITERAL_CONVERSION = YES;
				CLANG_WARN_OBJC_ROOT_CLASS = YES_ERROR;
				CLANG_WARN_QUOTED_INCLUDE_IN_FRAMEWORK_HEADER = YES;
				CLANG_WARN_RANGE_LOOP_ANALYSIS = YES;
				CLANG_WARN_STRICT_PROTOTYPES = YES;
				CLANG_WARN_SUSPICIOUS_MOVE = YES;
				CLANG_WARN_UNGUARDED_AVAILABILITY = YES_AGGRESSIVE;
				CLANG_WARN_UNREACHABLE_CODE = YES;
				CLANG_WARN__DUPLICATE_METHOD_MATCH = YES;
				COPY_PHASE_STRIP = NO;
				DEBUG_INFORMATION_FORMAT = "dwarf-with-dsym";
				DEVELOPMENT_TEAM = GAQT8HYM7F;
				ENABLE_NS_ASSERTIONS = NO;
				ENABLE_STRICT_OBJC_MSGSEND = YES;
				ENABLE_USER_SCRIPT_SANDBOXING = YES;
				GCC_C_LANGUAGE_STANDARD = gnu17;
				GCC_NO_COMMON_BLOCKS = YES;
				GCC_WARN_64_TO_32_BIT_CONVERSION = YES;
				GCC_WARN_ABOUT_RETURN_TYPE = YES_ERROR;
				GCC_WARN_UNDECLARED_SELECTOR = YES;
				GCC_WARN_UNINITIALIZED_AUTOS = YES_AGGRESSIVE;
				GCC_WARN_UNUSED_FUNCTION = YES;
				GCC_WARN_UNUSED_VARIABLE = YES;
				IPHONEOS_DEPLOYMENT_TARGET = 18.4;
				LOCALIZATION_PREFERS_STRING_CATALOGS = YES;
				MTL_ENABLE_DEBUG_INFO = NO;
				MTL_FAST_MATH = YES;
				SDKROOT = iphoneos;
				SWIFT_COMPILATION_MODE = wholemodule;
				VALIDATE_PRODUCT = YES;
			};
			name = Release;
		};
		1C05F32B2E04803C00F52C65 /* Debug */ = {
			isa = XCBuildConfiguration;
			buildSettings = {
				ASSETCATALOG_COMPILER_APPICON_NAME = AppIcon;
				ASSETCATALOG_COMPILER_GLOBAL_ACCENT_COLOR_NAME = AccentColor;
				CODE_SIGN_ENTITLEMENTS = "true-north-app/true-north-app.entitlements";
				CODE_SIGN_STYLE = Automatic;
				CURRENT_PROJECT_VERSION = 1;
				DEVELOPMENT_TEAM = GAQT8HYM7F;
				ENABLE_PREVIEWS = YES;
				GENERATE_INFOPLIST_FILE = YES;
				INFOPLIST_FILE = "true-north-app/Info.plist";
				INFOPLIST_KEY_CFBundleDisplayName = "True North";
				INFOPLIST_KEY_UIApplicationSceneManifest_Generation = YES;
				INFOPLIST_KEY_UIApplicationSupportsIndirectInputEvents = YES;
				INFOPLIST_KEY_UILaunchScreen_Generation = YES;
				INFOPLIST_KEY_UISupportedInterfaceOrientations_iPad = "UIInterfaceOrientationPortrait UIInterfaceOrientationPortraitUpsideDown UIInterfaceOrientationLandscapeLeft UIInterfaceOrientationLandscapeRight";
				INFOPLIST_KEY_UISupportedInterfaceOrientations_iPhone = "UIInterfaceOrientationPortrait UIInterfaceOrientationLandscapeLeft UIInterfaceOrientationLandscapeRight";
				IPHONEOS_DEPLOYMENT_TARGET = 16.6;
				LD_RUNPATH_SEARCH_PATHS = (
					"$(inherited)",
					"@executable_path/Frameworks",
				);
				MARKETING_VERSION = 1.0;
				PRODUCT_BUNDLE_IDENTIFIER = "com.kuma.true-north-app";
				PRODUCT_NAME = "$(TARGET_NAME)";
				SUPPORTED_PLATFORMS = "iphoneos iphonesimulator";
				SUPPORTS_MACCATALYST = NO;
				SUPPORTS_MAC_DESIGNED_FOR_IPHONE_IPAD = NO;
				SUPPORTS_XR_DESIGNED_FOR_IPHONE_IPAD = NO;
				SWIFT_EMIT_LOC_STRINGS = YES;
				SWIFT_VERSION = 5.0;
				TARGETED_DEVICE_FAMILY = 1;
			};
			name = Debug;
		};
		1C05F32C2E04803C00F52C65 /* Release */ = {
			isa = XCBuildConfiguration;
			buildSettings = {
				ASSETCATALOG_COMPILER_APPICON_NAME = AppIcon;
				ASSETCATALOG_COMPILER_GLOBAL_ACCENT_COLOR_NAME = AccentColor;
				CODE_SIGN_ENTITLEMENTS = "true-north-app/true-north-app.entitlements";
				CODE_SIGN_STYLE = Automatic;
				CURRENT_PROJECT_VERSION = 1;
				DEVELOPMENT_TEAM = GAQT8HYM7F;
				ENABLE_PREVIEWS = YES;
				GENERATE_INFOPLIST_FILE = YES;
				INFOPLIST_FILE = "true-north-app/Info.plist";
				INFOPLIST_KEY_CFBundleDisplayName = "True North";
				INFOPLIST_KEY_UIApplicationSceneManifest_Generation = YES;
				INFOPLIST_KEY_UIApplicationSupportsIndirectInputEvents = YES;
				INFOPLIST_KEY_UILaunchScreen_Generation = YES;
				INFOPLIST_KEY_UISupportedInterfaceOrientations_iPad = "UIInterfaceOrientationPortrait UIInterfaceOrientationPortraitUpsideDown UIInterfaceOrientationLandscapeLeft UIInterfaceOrientationLandscapeRight";
				INFOPLIST_KEY_UISupportedInterfaceOrientations_iPhone = "UIInterfaceOrientationPortrait UIInterfaceOrientationLandscapeLeft UIInterfaceOrientationLandscapeRight";
				IPHONEOS_DEPLOYMENT_TARGET = 16.6;
				LD_RUNPATH_SEARCH_PATHS = (
					"$(inherited)",
					"@executable_path/Frameworks",
				);
				MARKETING_VERSION = 1.0;
				PRODUCT_BUNDLE_IDENTIFIER = "com.kuma.true-north-app";
				PRODUCT_NAME = "$(TARGET_NAME)";
				SUPPORTED_PLATFORMS = "iphoneos iphonesimulator";
				SUPPORTS_MACCATALYST = NO;
				SUPPORTS_MAC_DESIGNED_FOR_IPHONE_IPAD = NO;
				SUPPORTS_XR_DESIGNED_FOR_IPHONE_IPAD = NO;
				SWIFT_EMIT_LOC_STRINGS = YES;
				SWIFT_VERSION = 5.0;
				TARGETED_DEVICE_FAMILY = 1;
			};
			name = Release;
		};
		1C05F32E2E04803C00F52C65 /* Debug */ = {
			isa = XCBuildConfiguration;
			buildSettings = {
				BUNDLE_LOADER = "$(TEST_HOST)";
				CODE_SIGN_STYLE = Automatic;
				CURRENT_PROJECT_VERSION = 1;
				DEVELOPMENT_TEAM = GAQT8HYM7F;
				GENERATE_INFOPLIST_FILE = YES;
				IPHONEOS_DEPLOYMENT_TARGET = 18.4;
				MARKETING_VERSION = 1.0;
				PRODUCT_BUNDLE_IDENTIFIER = "com.kuma.true-north-appTests";
				PRODUCT_NAME = "$(TARGET_NAME)";
				SWIFT_EMIT_LOC_STRINGS = NO;
				SWIFT_VERSION = 5.0;
				TARGETED_DEVICE_FAMILY = "1,2";
				TEST_HOST = "$(BUILT_PRODUCTS_DIR)/true-north-app.app/$(BUNDLE_EXECUTABLE_FOLDER_PATH)/true-north-app";
			};
			name = Debug;
		};
		1C05F32F2E04803C00F52C65 /* Release */ = {
			isa = XCBuildConfiguration;
			buildSettings = {
				BUNDLE_LOADER = "$(TEST_HOST)";
				CODE_SIGN_STYLE = Automatic;
				CURRENT_PROJECT_VERSION = 1;
				DEVELOPMENT_TEAM = GAQT8HYM7F;
				GENERATE_INFOPLIST_FILE = YES;
				IPHONEOS_DEPLOYMENT_TARGET = 18.4;
				MARKETING_VERSION = 1.0;
				PRODUCT_BUNDLE_IDENTIFIER = "com.kuma.true-north-appTests";
				PRODUCT_NAME = "$(TARGET_NAME)";
				SWIFT_EMIT_LOC_STRINGS = NO;
				SWIFT_VERSION = 5.0;
				TARGETED_DEVICE_FAMILY = "1,2";
				TEST_HOST = "$(BUILT_PRODUCTS_DIR)/true-north-app.app/$(BUNDLE_EXECUTABLE_FOLDER_PATH)/true-north-app";
			};
			name = Release;
		};
		1C05F3312E04803C00F52C65 /* Debug */ = {
			isa = XCBuildConfiguration;
			buildSettings = {
				CODE_SIGN_STYLE = Automatic;
				CURRENT_PROJECT_VERSION = 1;
				DEVELOPMENT_TEAM = GAQT8HYM7F;
				GENERATE_INFOPLIST_FILE = YES;
				MARKETING_VERSION = 1.0;
				PRODUCT_BUNDLE_IDENTIFIER = "com.kuma.true-north-appUITests";
				PRODUCT_NAME = "$(TARGET_NAME)";
				SWIFT_EMIT_LOC_STRINGS = NO;
				SWIFT_VERSION = 5.0;
				TARGETED_DEVICE_FAMILY = "1,2";
				TEST_TARGET_NAME = "true-north-app";
			};
			name = Debug;
		};
		1C05F3322E04803C00F52C65 /* Release */ = {
			isa = XCBuildConfiguration;
			buildSettings = {
				CODE_SIGN_STYLE = Automatic;
				CURRENT_PROJECT_VERSION = 1;
				DEVELOPMENT_TEAM = GAQT8HYM7F;
				GENERATE_INFOPLIST_FILE = YES;
				MARKETING_VERSION = 1.0;
				PRODUCT_BUNDLE_IDENTIFIER = "com.kuma.true-north-appUITests";
				PRODUCT_NAME = "$(TARGET_NAME)";
				SWIFT_EMIT_LOC_STRINGS = NO;
				SWIFT_VERSION = 5.0;
				TARGETED_DEVICE_FAMILY = "1,2";
				TEST_TARGET_NAME = "true-north-app";
			};
			name = Release;
		};
/* End XCBuildConfiguration section */

/* Begin XCConfigurationList section */
		1C05F3042E04803A00F52C65 /* Build configuration list for PBXProject "true-north-app" */ = {
			isa = XCConfigurationList;
			buildConfigurations = (
				1C05F3282E04803C00F52C65 /* Debug */,
				1C05F3292E04803C00F52C65 /* Release */,
			);
			defaultConfigurationIsVisible = 0;
			defaultConfigurationName = Release;
		};
		1C05F32A2E04803C00F52C65 /* Build configuration list for PBXNativeTarget "true-north-app" */ = {
			isa = XCConfigurationList;
			buildConfigurations = (
				1C05F32B2E04803C00F52C65 /* Debug */,
				1C05F32C2E04803C00F52C65 /* Release */,
			);
			defaultConfigurationIsVisible = 0;
			defaultConfigurationName = Release;
		};
		1C05F32D2E04803C00F52C65 /* Build configuration list for PBXNativeTarget "true-north-appTests" */ = {
			isa = XCConfigurationList;
			buildConfigurations = (
				1C05F32E2E04803C00F52C65 /* Debug */,
				1C05F32F2E04803C00F52C65 /* Release */,
			);
			defaultConfigurationIsVisible = 0;
			defaultConfigurationName = Release;
		};
		1C05F3302E04803C00F52C65 /* Build configuration list for PBXNativeTarget "true-north-appUITests" */ = {
			isa = XCConfigurationList;
			buildConfigurations = (
				1C05F3312E04803C00F52C65 /* Debug */,
				1C05F3322E04803C00F52C65 /* Release */,
			);
			defaultConfigurationIsVisible = 0;
			defaultConfigurationName = Release;
		};
/* End XCConfigurationList section */

/* Begin XCRemoteSwiftPackageReference section */
		1C05F33A2E04885B00F52C65 /* XCRemoteSwiftPackageReference "firebase-ios-sdk" */ = {
			isa = XCRemoteSwiftPackageReference;
			repositoryURL = "https://github.com/firebase/firebase-ios-sdk";
			requirement = {
				kind = upToNextMajorVersion;
				minimumVersion = 11.14.0;
			};
		};
		1C05F7DE2E148DCB00F52C65 /* XCRemoteSwiftPackageReference "GoogleSignIn-iOS" */ = {
			isa = XCRemoteSwiftPackageReference;
			repositoryURL = "https://github.com/google/GoogleSignIn-iOS.git";
			requirement = {
				kind = upToNextMajorVersion;
				minimumVersion = 8.0.0;
			};
		};
		1C0C18282E32CE8800CC888C /* XCRemoteSwiftPackageReference "lottie-ios" */ = {
			isa = XCRemoteSwiftPackageReference;
			repositoryURL = "https://github.com/airbnb/lottie-ios.git";
			requirement = {
				kind = upToNextMajorVersion;
				minimumVersion = 4.5.2;
			};
		};
		1C0DC0C32E1C09B400F3A22E /* XCRemoteSwiftPackageReference "Kingfisher" */ = {
			isa = XCRemoteSwiftPackageReference;
			repositoryURL = "https://github.com/onevcat/Kingfisher.git";
			requirement = {
				kind = upToNextMajorVersion;
				minimumVersion = 8.4.0;
			};
		};
/* End XCRemoteSwiftPackageReference section */

/* Begin XCSwiftPackageProductDependency section */
		1C05F33B2E04885B00F52C65 /* FirebaseAuth */ = {
			isa = XCSwiftPackageProductDependency;
			package = 1C05F33A2E04885B00F52C65 /* XCRemoteSwiftPackageReference "firebase-ios-sdk" */;
			productName = FirebaseAuth;
		};
		1C05F33D2E04885B00F52C65 /* FirebaseFirestore */ = {
			isa = XCSwiftPackageProductDependency;
			package = 1C05F33A2E04885B00F52C65 /* XCRemoteSwiftPackageReference "firebase-ios-sdk" */;
			productName = FirebaseFirestore;
		};
		1C05F33F2E04885B00F52C65 /* FirebaseStorage */ = {
			isa = XCSwiftPackageProductDependency;
			package = 1C05F33A2E04885B00F52C65 /* XCRemoteSwiftPackageReference "firebase-ios-sdk" */;
			productName = FirebaseStorage;
		};
		1C05F7DF2E148DCB00F52C65 /* GoogleSignIn */ = {
			isa = XCSwiftPackageProductDependency;
			package = 1C05F7DE2E148DCB00F52C65 /* XCRemoteSwiftPackageReference "GoogleSignIn-iOS" */;
			productName = GoogleSignIn;
		};
		1C05F7E12E148DCB00F52C65 /* GoogleSignInSwift */ = {
			isa = XCSwiftPackageProductDependency;
			package = 1C05F7DE2E148DCB00F52C65 /* XCRemoteSwiftPackageReference "GoogleSignIn-iOS" */;
			productName = GoogleSignInSwift;
		};
		1C0C18292E32CE8800CC888C /* Lottie */ = {
			isa = XCSwiftPackageProductDependency;
			package = 1C0C18282E32CE8800CC888C /* XCRemoteSwiftPackageReference "lottie-ios" */;
			productName = Lottie;
		};
		1C0C1D9C2E39606900CC888C /* FirebaseMessaging */ = {
			isa = XCSwiftPackageProductDependency;
			package = 1C05F33A2E04885B00F52C65 /* XCRemoteSwiftPackageReference "firebase-ios-sdk" */;
			productName = FirebaseMessaging;
		};
		1C0DC0C42E1C09B400F3A22E /* Kingfisher */ = {
			isa = XCSwiftPackageProductDependency;
			package = 1C0DC0C32E1C09B400F3A22E /* XCRemoteSwiftPackageReference "Kingfisher" */;
			productName = Kingfisher;
		};
/* End XCSwiftPackageProductDependency section */
	};
	rootObject = 1C05F3012E04803A00F52C65 /* Project object */;
}
